github.com/andfasano/tiny-sushy-tools v0.0.0-20200902154749-f6499244d1e7 h1:9jPo/eTVea/FvoO0jdho5jIM5QiFqbx3rILLOR3XUtc=
github.com/andfasano/tiny-sushy-tools v0.0.0-20200902154749-f6499244d1e7/go.mod h1:6tJoIUql355Qc6XdfG2Ar0eFRENH8Mk09yZD1MbiM60=
github.com/beevik/etree v1.1.0 h1:T0xke/WvNtMoCqgzPhkX2r4rjY3GDZFi+FjpRZY2Jbs=
github.com/beevik/etree v1.1.0/go.mod h1:r8Aw8JqVegEf0w2fDnATrX9VpkMcyFeM0FhwO62wh+A=
github.com/google/uuid v1.3.0 h1:t6JiXgmwXMjEs8VusXIJk2BXHsn+wx8BZdTaoZ5fu7I=
github.com/google/uuid v1.3.0/go.mod h1:TIyPZe4MgqvfeYDBFedMoGGpEw/LqOeaOT+nhxU+yHo=
github.com/gorilla/mux v1.8.0 h1:i40aqfkR1h2SlN9hojwV5ZA91wcXFOvkdNIeFDP5koI=
github.com/gorilla/mux v1.8.0/go.mod h1:DVbg23sWSpFRCP0SfiEN6jmj59UnW/n46BH5rLB71So=
github.com/libvirt/libvirt-go v6.7.0+incompatible h1:/XN/rOdToxgpdLiai/VEvz0JI8EJdlS/qxFvVNyk+sk=
github.com/libvirt/libvirt-go v6.7.0+incompatible/go.mod h1:34zsnB4iGeOv7Byj6qotuW8Ya4v4Tr43ttjz/F0wjLE=
github.com/libvirt/libvirt-go v7.4.0+incompatible h1:crnSLkwPqCdXtg6jib/FxBG/hweAc/3Wxth1AehCXL4=
github.com/libvirt/libvirt-go v7.4.0+incompatible/go.mod h1:34zsnB4iGeOv7Byj6qotuW8Ya4v4Tr43ttjz/F0wjLE=
